
Microsoft Visual Studio Solution File, Format Version 12.00
# Visual Studio Version 16
VisualStudioVersion = 25.0.1706.8
MinimumVisualStudioVersion = 10.0.40219.1
Project("{FAE04EC0-301F-11D3-BF4B-00C04F79EFBC}") = "CartKaro", "CartKaro\CartKaro.csproj", "{00E6CA17-5A4D-4243-BB41-78B43F3CBF38}"
EndProject
Global
	GlobalSection(SolutionConfigurationPlatforms) = preSolution
		Debug|Any CPU = Debug|Any CPU
		Release|Any CPU = Release|Any CPU
	EndGlobalSection
	GlobalSection(ProjectConfigurationPlatforms) = postSolution
		{00E6CA17-5A4D-4243-BB41-78B43F3CBF38}.Debug|Any CPU.ActiveCfg = Debug|Any CPU
		{00E6CA17-5A4D-4243-BB41-78B43F3CBF38}.Debug|Any CPU.Build.0 = Debug|Any CPU
		{00E6CA17-5A4D-4243-BB41-78B43F3CBF38}.Release|Any CPU.ActiveCfg = Release|Any CPU
		{00E6CA17-5A4D-4243-BB41-78B43F3CBF38}.Release|Any CPU.Build.0 = Release|Any CPU
	EndGlobalSection
	GlobalSection(SolutionProperties) = preSolution
		HideSolutionNode = FALSE
	EndGlobalSection
	GlobalSection(ExtensibilityGlobals) = postSolution
		SolutionGuid = {4341C425-C6FE-4556-BD6A-333777B4AF19}
	EndGlobalSection
	GlobalSection(MonoDevelopProperties) = preSolution
		Policies = $0
		$0.TextStylePolicy = $1
		$1.FileWidth = 80
		$1.TabWidth = 2
		$1.TabsToSpaces = True
		$1.IndentWidth = 2
		$1.scope = text/x-csharp
		$0.CSharpFormattingPolicy = $2
		$2.scope = text/x-csharp
		$0.TextStylePolicy = $3
		$3.FileWidth = 80
		$3.TabWidth = 2
		$3.TabsToSpaces = True
		$3.IndentWidth = 2
		$3.scope = application/xaml
		$3.inheritsSet = null
		$0.XmlFormattingPolicy = $4
		$4.inheritsSet = null
		$4.scope = application/xaml
		$0.TextStylePolicy = $5
		$5.inheritsSet = null
		$5.scope = application/xml
		$0.XmlFormattingPolicy = $6
		$6.scope = application/xml
		$0.StandardHeader = $7
		$0.DotNetNamingPolicy = $8
		$8.DirectoryNamespaceAssociation = PrefixedHierarchical
	EndGlobalSection
EndGlobal
